
Microsoft Visual Studio Solution File, Format Version 11.00
# Visual C++ Express 2010
Project("{8BC9CEB8-8B4A-11D0-8D11-00A0C91BC942}") = "骰子游戏", "骰子游戏\骰子游戏.vcxproj", "{FA06D5CF-F645-4525-8496-46CD9CD32536}"
EndProject
Global
	GlobalSection(SolutionConfigurationPlatforms) = preSolution
		Debug|Win32 = Debug|Win32
		Release|Win32 = Release|Win32
	EndGlobalSection
	GlobalSection(ProjectConfigurationPlatforms) = postSolution
		{FA06D5CF-F645-4525-8496-46CD9CD32536}.Debug|Win32.ActiveCfg = Debug|Win32
		{FA06D5CF-F645-4525-8496-46CD9CD32536}.Debug|Win32.Build.0 = Debug|Win32
		{FA06D5CF-F645-4525-8496-46CD9CD32536}.Release|Win32.ActiveCfg = Release|Win32
		{FA06D5CF-F645-4525-8496-46CD9CD32536}.Release|Win32.Build.0 = Release|Win32
	EndGlobalSection
	GlobalSection(SolutionProperties) = preSolution
		HideSolutionNode = FALSE
	EndGlobalSection
EndGlobal
